
Microsoft Visual Studio Solution File, Format Version 12.00
# Visual Studio Version 17
VisualStudioVersion = 17.3.32714.290
MinimumVisualStudioVersion = 10.0.40219.1
Project("{8BC9CEB8-8B4A-11D0-8D11-00A0C91BC942}") = "number 5", "number 5\number 5.vcxproj", "{8EF5F82B-F954-4DD9-9554-14DAF63C9B7B}"
EndProject
Global
	GlobalSection(SolutionConfigurationPlatforms) = preSolution
		Debug|x64 = Debug|x64
		Debug|x86 = Debug|x86
		Release|x64 = Release|x64
		Release|x86 = Release|x86
	EndGlobalSection
	GlobalSection(ProjectConfigurationPlatforms) = postSolution
		{8EF5F82B-F954-4DD9-9554-14DAF63C9B7B}.Debug|x64.ActiveCfg = Debug|x64
		{8EF5F82B-F954-4DD9-9554-14DAF63C9B7B}.Debug|x64.Build.0 = Debug|x64
		{8EF5F82B-F954-4DD9-9554-14DAF63C9B7B}.Debug|x86.ActiveCfg = Debug|Win32
		{8EF5F82B-F954-4DD9-9554-14DAF63C9B7B}.Debug|x86.Build.0 = Debug|Win32
		{8EF5F82B-F954-4DD9-9554-14DAF63C9B7B}.Release|x64.ActiveCfg = Release|x64
		{8EF5F82B-F954-4DD9-9554-14DAF63C9B7B}.Release|x64.Build.0 = Release|x64
		{8EF5F82B-F954-4DD9-9554-14DAF63C9B7B}.Release|x86.ActiveCfg = Release|Win32
		{8EF5F82B-F954-4DD9-9554-14DAF63C9B7B}.Release|x86.Build.0 = Release|Win32
	EndGlobalSection
	GlobalSection(SolutionProperties) = preSolution
		HideSolutionNode = FALSE
	EndGlobalSection
	GlobalSection(ExtensibilityGlobals) = postSolution
		SolutionGuid = {A33BD7A5-D268-4D67-A1AB-0BEB018D25E5}
	EndGlobalSection
EndGlobal
